
Microsoft Visual Studio Solution File, Format Version 12.00
# Visual Studio Version 16
VisualStudioVersion = 16.0.29709.97
MinimumVisualStudioVersion = 10.0.40219.1
Project("{FAE04EC0-301F-11D3-BF4B-00C04F79EFBC}") = "pa6-stward1", "pa6-stward1\pa6-stward1.csproj", "{46FE6270-6B5D-44D8-AF09-391A9D2BDAD2}"
EndProject
Global
	GlobalSection(SolutionConfigurationPlatforms) = preSolution
		Debug|Any CPU = Debug|Any CPU
		Release|Any CPU = Release|Any CPU
	EndGlobalSection
	GlobalSection(ProjectConfigurationPlatforms) = postSolution
		{46FE6270-6B5D-44D8-AF09-391A9D2BDAD2}.Debug|Any CPU.ActiveCfg = Debug|Any CPU
		{46FE6270-6B5D-44D8-AF09-391A9D2BDAD2}.Debug|Any CPU.Build.0 = Debug|Any CPU
		{46FE6270-6B5D-44D8-AF09-391A9D2BDAD2}.Release|Any CPU.ActiveCfg = Release|Any CPU
		{46FE6270-6B5D-44D8-AF09-391A9D2BDAD2}.Release|Any CPU.Build.0 = Release|Any CPU
	EndGlobalSection
	GlobalSection(SolutionProperties) = preSolution
		HideSolutionNode = FALSE
	EndGlobalSection
	GlobalSection(ExtensibilityGlobals) = postSolution
		SolutionGuid = {1E1293E1-B6A6-4760-8662-07A14E2803BF}
	EndGlobalSection
EndGlobal
